
Microsoft Visual Studio Solution File, Format Version 12.00
# Visual Studio Version 17
VisualStudioVersion = 17.11.35312.102
MinimumVisualStudioVersion = 10.0.40219.1
Project("{9A19103F-16F7-4668-BE54-9A1E7A4F7556}") = "JogoDaCatraca", "JogoDaCatraca\JogoDaCatraca.csproj", "{539CE105-AE42-4630-92CD-B5F343BC9C4D}"
EndProject
Global
	GlobalSection(SolutionConfigurationPlatforms) = preSolution
		Debug|Any CPU = Debug|Any CPU
		Release|Any CPU = Release|Any CPU
	EndGlobalSection
	GlobalSection(ProjectConfigurationPlatforms) = postSolution
		{539CE105-AE42-4630-92CD-B5F343BC9C4D}.Debug|Any CPU.ActiveCfg = Debug|Any CPU
		{539CE105-AE42-4630-92CD-B5F343BC9C4D}.Debug|Any CPU.Build.0 = Debug|Any CPU
		{539CE105-AE42-4630-92CD-B5F343BC9C4D}.Release|Any CPU.ActiveCfg = Release|Any CPU
		{539CE105-AE42-4630-92CD-B5F343BC9C4D}.Release|Any CPU.Build.0 = Release|Any CPU
	EndGlobalSection
	GlobalSection(SolutionProperties) = preSolution
		HideSolutionNode = FALSE
	EndGlobalSection
	GlobalSection(ExtensibilityGlobals) = postSolution
		SolutionGuid = {35485EDB-2738-4ADD-A24F-45EC577E114A}
	EndGlobalSection
EndGlobal
